
Microsoft Visual Studio Solution File, Format Version 12.00
# Visual Studio 2012
Project("{8BC9CEB8-8B4A-11D0-8D11-00A0C91BC942}") = "Main", "ConsoleApplication1\ConsoleApplication1.vcxproj", "{E6145293-C301-493D-B290-66A8F6E66973}"
EndProject
Project("{8BC9CEB8-8B4A-11D0-8D11-00A0C91BC942}") = "Tests", "Tests\Tests.vcxproj", "{866C7E37-F631-47EC-818E-98DB290D0937}"
	ProjectSection(ProjectDependencies) = postProject
		{E6145293-C301-493D-B290-66A8F6E66973} = {E6145293-C301-493D-B290-66A8F6E66973}
	EndProjectSection
EndProject
Global
	GlobalSection(SolutionConfigurationPlatforms) = preSolution
		Debug|Win32 = Debug|Win32
		Release|Win32 = Release|Win32
	EndGlobalSection
	GlobalSection(ProjectConfigurationPlatforms) = postSolution
		{E6145293-C301-493D-B290-66A8F6E66973}.Debug|Win32.ActiveCfg = Debug|Win32
		{E6145293-C301-493D-B290-66A8F6E66973}.Debug|Win32.Build.0 = Debug|Win32
		{E6145293-C301-493D-B290-66A8F6E66973}.Release|Win32.ActiveCfg = Release|Win32
		{E6145293-C301-493D-B290-66A8F6E66973}.Release|Win32.Build.0 = Release|Win32
		{866C7E37-F631-47EC-818E-98DB290D0937}.Debug|Win32.ActiveCfg = Debug|Win32
		{866C7E37-F631-47EC-818E-98DB290D0937}.Release|Win32.ActiveCfg = Release|Win32
	EndGlobalSection
	GlobalSection(SolutionProperties) = preSolution
		HideSolutionNode = FALSE
	EndGlobalSection
	GlobalSection(Performance) = preSolution
		HasPerformanceSessions = true
	EndGlobalSection
EndGlobal
