<?xml version="1.0" encoding="utf-8"?>
<Project ToolsVersion="4.0" xmlns="http://schemas.microsoft.com/developer/msbuild/2003">
  <ItemGroup>
    <Filter Include="Source Files">
      <UniqueIdentifier>{4FC737F1-C7A5-4376-A066-2A32D752A2FF}</UniqueIdentifier>
      <Extensions>cpp;c;cc;cxx;def;odl;idl;hpj;bat;asm;asmx</Extensions>
    </Filter>
    <Filter Include="Header Files">
      <UniqueIdentifier>{93995380-89BD-4b04-88EB-625FBE52EBFB}</UniqueIdentifier>
      <Extensions>h;hpp;hxx;hm;inl;inc;xsd</Extensions>
    </Filter>
    <Filter Include="Resource Files">
      <UniqueIdentifier>{67DA6AB6-F800-4c08-8B7A-83BB121AAD01}</UniqueIdentifier>
      <Extensions>rc;ico;cur;bmp;dlg;rc2;rct;bin;rgs;gif;jpg;jpeg;jpe;resx;tiff;tif;png;wav;mfcribbon-ms</Extensions>
    </Filter>
    <Filter Include="Source Files\tests">
      <UniqueIdentifier>{720cece0-a253-476b-b464-18d4d7536107}</UniqueIdentifier>
    </Filter>
  </ItemGroup>
  <ItemGroup>
    <ClCompile Include="test_utilities.cpp">
      <Filter>Source Files</Filter>
    </ClCompile>
    <ClCompile Include="test_abs_cost_module.cpp">
      <Filter>Source Files\tests</Filter>
    </ClCompile>
    <ClCompile Include="test_abs_module.cpp">
      <Filter>Source Files\tests</Filter>
    </ClCompile>
    <ClCompile Include="test_abs_regularizer.cpp">
      <Filter>Source Files\tests</Filter>
    </ClCompile>
    <ClCompile Include="test_bias_module.cpp">
      <Filter>Source Files\tests</Filter>
    </ClCompile>
    <ClCompile Include="test_branch_classes.cpp">
      <Filter>Source Files\tests</Filter>
    </ClCompile>
    <ClCompile Include="test_composite_module.cpp">
      <Filter>Source Files\tests</Filter>
    </ClCompile>
    <ClCompile Include="test_constant_initializer.cpp">
      <Filter>Source Files\tests</Filter>
    </ClCompile>
    <ClCompile Include="test_conversions.cpp">
      <Filter>Source Files\tests</Filter>
    </ClCompile>
    <ClCompile Include="test_convolutional_kernel.cpp">
      <Filter>Source Files\tests</Filter>
    </ClCompile>
    <ClCompile Include="test_cross_entropy_cost_module.cpp">
      <Filter>Source Files\tests</Filter>
    </ClCompile>
    <ClCompile Include="test_dropout_module.cpp">
      <Filter>Source Files\tests</Filter>
    </ClCompile>
    <ClCompile Include="test_fixed_shift_partial_tensor_data_loader.cpp">
      <Filter>Source Files\tests</Filter>
    </ClCompile>
    <ClCompile Include="test_full_tensor_data_loader.cpp">
      <Filter>Source Files\tests</Filter>
    </ClCompile>
    <ClCompile Include="test_gaussian_initializer.cpp">
      <Filter>Source Files\tests</Filter>
    </ClCompile>
    <ClCompile Include="test_kernel_module.cpp">
      <Filter>Source Files\tests</Filter>
    </ClCompile>
    <ClCompile Include="test_linear_mix_initializer.cpp">
      <Filter>Source Files\tests</Filter>
    </ClCompile>
    <ClCompile Include="test_linear_mix_module.cpp">
      <Filter>Source Files\tests</Filter>
    </ClCompile>
    <ClCompile Include="test_linear_module.cpp">
      <Filter>Source Files\tests</Filter>
    </ClCompile>
    <ClCompile Include="test_logistic_cost_module.cpp">
      <Filter>Source Files\tests</Filter>
    </ClCompile>
    <ClCompile Include="test_max_pooling_kernel.cpp">
      <Filter>Source Files\tests</Filter>
    </ClCompile>
    <ClCompile Include="test_misclassification_rate_cost_module.cpp">
      <Filter>Source Files\tests</Filter>
    </ClCompile>
    <ClCompile Include="test_mse_cost_module.cpp">
      <Filter>Source Files\tests</Filter>
    </ClCompile>
    <ClCompile Include="test_NN.cpp">
      <Filter>Source Files\tests</Filter>
    </ClCompile>
    <ClCompile Include="test_NN_utilities.cpp">
      <Filter>Source Files\tests</Filter>
    </ClCompile>
    <ClCompile Include="test_OpenBlas.cpp">
      <Filter>Source Files\tests</Filter>
    </ClCompile>
    <ClCompile Include="test_pure_softmax_module.cpp">
      <Filter>Source Files\tests</Filter>
    </ClCompile>
    <ClCompile Include="test_random_shift_partial_tensor_data_loader.cpp">
      <Filter>Source Files\tests</Filter>
    </ClCompile>
    <ClCompile Include="test_rlu_module.cpp">
      <Filter>Source Files\tests</Filter>
    </ClCompile>
    <ClCompile Include="test_sgd_trainer.cpp">
      <Filter>Source Files\tests</Filter>
    </ClCompile>
    <ClCompile Include="test_sigmoid_module.cpp">
      <Filter>Source Files\tests</Filter>
    </ClCompile>
    <ClCompile Include="test_soft_sign_module.cpp">
      <Filter>Source Files\tests</Filter>
    </ClCompile>
    <ClCompile Include="test_softmax_module.cpp">
      <Filter>Source Files\tests</Filter>
    </ClCompile>
    <ClCompile Include="test_tanh_module.cpp">
      <Filter>Source Files\tests</Filter>
    </ClCompile>
    <ClCompile Include="test_tensor.cpp">
      <Filter>Source Files\tests</Filter>
    </ClCompile>
    <ClCompile Include="test_tensor_io.cpp">
      <Filter>Source Files\tests</Filter>
    </ClCompile>
    <ClCompile Include="test_train_dataset.cpp">
      <Filter>Source Files\tests</Filter>
    </ClCompile>
    <ClCompile Include="test_uniform_initializer.cpp">
      <Filter>Source Files\tests</Filter>
    </ClCompile>
    <ClCompile Include="test_weight_decay_regularizer.cpp">
      <Filter>Source Files\tests</Filter>
    </ClCompile>
    <ClCompile Include="test_batch_pure_softmax_module.cpp">
      <Filter>Source Files\tests</Filter>
    </ClCompile>
    <ClCompile Include="test_batch_softmax_module.cpp">
      <Filter>Source Files\tests</Filter>
    </ClCompile>
    <ClCompile Include="test_mean_std_normalizing_module.cpp">
      <Filter>Source Files\tests</Filter>
    </ClCompile>
    <ClCompile Include="RandomGenerator.cpp">
      <Filter>Source Files\tests</Filter>
    </ClCompile>
    <ClCompile Include="test_unsupervised_group_entropy_cost_module.cpp">
      <Filter>Source Files\tests</Filter>
    </ClCompile>
    <ClCompile Include="test_supervised_feature_group_provider.cpp">
      <Filter>Source Files\tests</Filter>
    </ClCompile>
    <ClCompile Include="test_supervised_group_entropy_cost_module.cpp">
      <Filter>Source Files\tests</Filter>
    </ClCompile>
    <ClCompile Include="test_entropy_regularizing_module.cpp">
      <Filter>Source Files\tests</Filter>
    </ClCompile>
    <ClCompile Include="test_entropy_cost_module.cpp">
      <Filter>Source Files\tests</Filter>
    </ClCompile>
    <ClCompile Include="test_max_element_likelihood_coost_module.cpp">
      <Filter>Source Files\tests</Filter>
    </ClCompile>
    <ClCompile Include="test_semisupervised_cost_module.cpp">
      <Filter>Source Files\tests</Filter>
    </ClCompile>
  </ItemGroup>
  <ItemGroup>
    <ClInclude Include="test_utilities.h">
      <Filter>Header Files</Filter>
    </ClInclude>
  </ItemGroup>
</Project>